
Microsoft Visual Studio Solution File, Format Version 12.00
Project("{FAE04EC0-301F-11D3-BF4B-00C04F79EFBC}") = "FitnessAPI", "FitnessAPI\FitnessAPI.csproj", "{D6547F77-CC9B-46A6-8A4C-101BDACB6133}"
EndProject
Global
	GlobalSection(SolutionConfigurationPlatforms) = preSolution
		Debug|Any CPU = Debug|Any CPU
		Release|Any CPU = Release|Any CPU
	EndGlobalSection
	GlobalSection(ProjectConfigurationPlatforms) = postSolution
		{D6547F77-CC9B-46A6-8A4C-101BDACB6133}.Debug|Any CPU.ActiveCfg = Debug|Any CPU
		{D6547F77-CC9B-46A6-8A4C-101BDACB6133}.Debug|Any CPU.Build.0 = Debug|Any CPU
		{D6547F77-CC9B-46A6-8A4C-101BDACB6133}.Release|Any CPU.ActiveCfg = Release|Any CPU
		{D6547F77-CC9B-46A6-8A4C-101BDACB6133}.Release|Any CPU.Build.0 = Release|Any CPU
	EndGlobalSection
EndGlobal
